# This file is automatically @generated by Poetry 1.4.2 and should not be changed by hand.

[[package]]
name = "about-time"
version = "4.2.1"
description = "Easily measure timing and throughput of code blocks, with beautiful human friendly representations."
category = "main"
optional = false
python-versions = ">=3.7, <4"
files = [
    {file = "about-time-4.2.1.tar.gz", hash = "sha256:6a538862d33ce67d997429d14998310e1dbfda6cb7d9bbfbf799c4709847fece"},
    {file = "about_time-4.2.1-py3-none-any.whl", hash = "sha256:8bbf4c75fe13cbd3d72f49a03b02c5c7dca32169b6d49117c257e7eb3eaee341"},
]

[[package]]
name = "alive-progress"
version = "3.1.2"
description = "A new kind of Progress Bar, with real-time throughput, ETA, and very cool animations!"
category = "main"
optional = false
python-versions = ">=3.7, <4"
files = [
    {file = "alive-progress-3.1.2.tar.gz", hash = "sha256:b22ba960151f582cdd6d489c56462d2f9adca821608075d0d8d2cd15d1b6845b"},
    {file = "alive_progress-3.1.2-py3-none-any.whl", hash = "sha256:d2b89b60fee2f112668117a9f361ceea44a685a37cafd009f396b87b9816efa3"},
]

[package.dependencies]
about-time = "4.2.1"
grapheme = "0.6.0"

[[package]]
name = "grapheme"
version = "0.6.0"
description = "Unicode grapheme helpers"
category = "main"
optional = false
python-versions = "*"
files = [
    {file = "grapheme-0.6.0.tar.gz", hash = "sha256:44c2b9f21bbe77cfb05835fec230bd435954275267fea1858013b102f8603cca"},
]

[package.extras]
test = ["pytest", "sphinx", "sphinx-autobuild", "twine", "wheel"]

[metadata]
lock-version = "2.0"
python-versions = "^3.11"
content-hash = "d8406e083ef80c11953f402f00d24ecbe6d43a999f0c4a8cfea19cf036572e23"
